// !$*UTF8*$!
{
	archiveVersion = 1;
	classes = {
	};
	objectVersion = 77;
	objects = {

/* Begin PBXBuildFile section */
		049A166A64C3B5FC3217EA3E /* ServiceProtocols.swift in Sources */ = {isa = PBXBuildFile; fileRef = A74BA4419D0A6AF4134D24EB /* ServiceProtocols.swift */; };
		066EC141C3171A1C5B6DB6E8 /* AudioCaptureService.swift in Sources */ = {isa = PBXBuildFile; fileRef = 7880787C7E8CD6744274D933 /* AudioCaptureService.swift */; };
		08921E27BFD76F47EAD8560B /* HonyakuApp.swift in Sources */ = {isa = PBXBuildFile; fileRef = B6A2D280C5A741F21D141381 /* HonyakuApp.swift */; };
		187AC80FCDF15B0DEA28264C /* ModelInstaller.swift in Sources */ = {isa = PBXBuildFile; fileRef = 3CABA4C3A063A82110592849 /* ModelInstaller.swift */; };
		1A8EA159DDF0C7D01B169C86 /* KeychainService.swift in Sources */ = {isa = PBXBuildFile; fileRef = 1EF69E098890F20F841BEF94 /* KeychainService.swift */; };
		22C69CA52FC92706B1559898 /* FluidAudio in Frameworks */ = {isa = PBXBuildFile; productRef = 95B121AA1368FBA8A8FE8CB3 /* FluidAudio */; };
		23982B39C001A7E60D34FAB5 /* SpeechEngine.swift in Sources */ = {isa = PBXBuildFile; fileRef = 38A2F1BE09E0FE0A9DDAF292 /* SpeechEngine.swift */; };
		23B30496629B70A530003765 /* WhisperKit in Frameworks */ = {isa = PBXBuildFile; productRef = 1DC3354B9B3F2DFE29B3C1F0 /* WhisperKit */; };
		29331628FB46AFE38CB50ED0 /* IntegrationTestBase.swift in Sources */ = {isa = PBXBuildFile; fileRef = E55E8F9A4BA205025B2D191C /* IntegrationTestBase.swift */; };
		2B8F2D137095BDAF7A9C7964 /* TranscriptionServiceTests.swift in Sources */ = {isa = PBXBuildFile; fileRef = C118FABBD260C3626AF1A284 /* TranscriptionServiceTests.swift */; };
		2D673E5D5C96D85EB3AB8FA8 /* SilenceGateTests.swift in Sources */ = {isa = PBXBuildFile; fileRef = D43FD9661CA6D8ACB933F4EE /* SilenceGateTests.swift */; };
		2DAF325FD12CAD5EAF50E04F /* TranscriptEntry.swift in Sources */ = {isa = PBXBuildFile; fileRef = 6918104DEB9040B693339214 /* TranscriptEntry.swift */; };
		2FF14EA119D7B90ACA24C5A8 /* CleanupIntegrationTests.swift in Sources */ = {isa = PBXBuildFile; fileRef = DB5C27B9752C3DB5955E093D /* CleanupIntegrationTests.swift */; };
		365A191199A8125B2E6404D4 /* ModelStore.swift in Sources */ = {isa = PBXBuildFile; fileRef = 61F172FEB18DC9B3D083562C /* ModelStore.swift */; };
		3B732BC088AAF238A9540D7F /* SpeakerSegment.swift in Sources */ = {isa = PBXBuildFile; fileRef = 2EEA5ABED8EDE2CFD2F24ABE /* SpeakerSegment.swift */; };
		3E3D5F773D94BF15F4F56DA1 /* MLX in Frameworks */ = {isa = PBXBuildFile; productRef = B5B0F02D7A95346CBF78C620 /* MLX */; };
		416152D35FC4393FDDC2CE7A /* HotkeyService.swift in Sources */ = {isa = PBXBuildFile; fileRef = C99CE8912C0EB663CD68C9B0 /* HotkeyService.swift */; };
		41F9DE4191725ECF4E376EDB /* TranscriptionService.swift in Sources */ = {isa = PBXBuildFile; fileRef = 93AB4C017207BC645E2B109E /* TranscriptionService.swift */; };
		43F859F60A7E86C4E8819F7F /* MLXLLM in Frameworks */ = {isa = PBXBuildFile; productRef = 2D6D9362E6F2CCB39F6A3738 /* MLXLLM */; };
		444C946EED7BFDA63640E0D3 /* RedesignTests.swift in Sources */ = {isa = PBXBuildFile; fileRef = 4A6473CB36D5049777D6D9E5 /* RedesignTests.swift */; };
		49185DA640262C9C8264D6EC /* SingleInstanceServiceTests.swift in Sources */ = {isa = PBXBuildFile; fileRef = ACB5B9D5F7FAED8A347F2C8B /* SingleInstanceServiceTests.swift */; };
		4E3C8FB2A88E897CEF3B1DB9 /* ModelInstallerTests.swift in Sources */ = {isa = PBXBuildFile; fileRef = 6108744515D3360F23E149A8 /* ModelInstallerTests.swift */; };
		5231857A61F51EB803C71531 /* ParakeetEngine.swift in Sources */ = {isa = PBXBuildFile; fileRef = ACFE896F6EC34F817BD66157 /* ParakeetEngine.swift */; };
		537E0F0522232397144CE051 /* PushToTalkGestureTests.swift in Sources */ = {isa = PBXBuildFile; fileRef = D74849FBE28330947E121FAC /* PushToTalkGestureTests.swift */; };
		5E5FD18EAC21B98BE55EAEA1 /* MenuBarWindows.swift in Sources */ = {isa = PBXBuildFile; fileRef = 0743C67BDB6FD340D907CB23 /* MenuBarWindows.swift */; };
		60993BB771B68FA6266F1581 /* TranscriptStoreTests.swift in Sources */ = {isa = PBXBuildFile; fileRef = B0138529CE4C8D50F52201D8 /* TranscriptStoreTests.swift */; };
		61EAC891DD96227FB1F363E2 /* AppCoordinator.swift in Sources */ = {isa = PBXBuildFile; fileRef = F713142AB2DBA99DE3D164CD /* AppCoordinator.swift */; };
		65FD8D1BC0BCA1F3DFBF6BEA /* CleanupServiceTests.swift in Sources */ = {isa = PBXBuildFile; fileRef = 20814B485D3D0539C3F608AD /* CleanupServiceTests.swift */; };
		66A6F791FF282997419EF808 /* NetworkAuditDelegate.swift in Sources */ = {isa = PBXBuildFile; fileRef = B1738FDD083A43E230D7320A /* NetworkAuditDelegate.swift */; };
		776877AFAB943E1FAD37D69B /* PasteService.swift in Sources */ = {isa = PBXBuildFile; fileRef = D6E45E968DE63F2C4790A010 /* PasteService.swift */; };
		7A10F7EB18C2DECE878771C4 /* AppStatus.swift in Sources */ = {isa = PBXBuildFile; fileRef = F0C9096444D42859276843E9 /* AppStatus.swift */; };
		7B3F722320611FB03F1D9A1C /* KeycapView.swift in Sources */ = {isa = PBXBuildFile; fileRef = DDA067C20FE9293DD214CB65 /* KeycapView.swift */; };
		8006DBB6F5331A8B3C7BBB53 /* ModelDownloaderTests.swift in Sources */ = {isa = PBXBuildFile; fileRef = 7CB3FF8431F439F227B38078 /* ModelDownloaderTests.swift */; };
		84CDD4F7DE25C1A7D0F8AF76 /* WhisperKit in Frameworks */ = {isa = PBXBuildFile; productRef = 6ABAFD44C29F179B8B2E55E8 /* WhisperKit */; };
		8DD7513BF6CC4DFC54DFA4EC /* ModelInfo.swift in Sources */ = {isa = PBXBuildFile; fileRef = 20FADEBDEBEF5B31404040B2 /* ModelInfo.swift */; };
		8FD08101AC880370D53603E5 /* ModelRegistry.swift in Sources */ = {isa = PBXBuildFile; fileRef = 38488E782725D0616D41E92E /* ModelRegistry.swift */; };
		90224F430A7285766CAB031E /* PipelineOrderingTests.swift in Sources */ = {isa = PBXBuildFile; fileRef = 5FF1407837A235C2A6CC930D /* PipelineOrderingTests.swift */; };
		9B66EB0DB92E179D4B8EDBF4 /* FluidAudio in Frameworks */ = {isa = PBXBuildFile; productRef = 69015C35BE8A491B32780EDF /* FluidAudio */; };
		A9535B5D50EA0593C9BD61B1 /* PermissionManager.swift in Sources */ = {isa = PBXBuildFile; fileRef = F329BCEF7214AACD95ED1C95 /* PermissionManager.swift */; };
		AA8C3D3D0BCC347132D172DA /* PasteServiceTests.swift in Sources */ = {isa = PBXBuildFile; fileRef = 8469EA80F9B9C7FBDD532AF7 /* PasteServiceTests.swift */; };
		AC9775274A6F0D13F165A308 /* HotkeyServiceTests.swift in Sources */ = {isa = PBXBuildFile; fileRef = FCC8E65EBA78614DF07616A1 /* HotkeyServiceTests.swift */; };
		AFDF6A7743610C1495578BA2 /* SingleInstanceService.swift in Sources */ = {isa = PBXBuildFile; fileRef = 2F99A4BB65143E8992ABC3C3 /* SingleInstanceService.swift */; };
		B3B5D2A8A966A589DF707322 /* DiarizationIntegrationTests.swift in Sources */ = {isa = PBXBuildFile; fileRef = C6EE13AC04B231794090E185 /* DiarizationIntegrationTests.swift */; };
		B51EEF0734648F3ED1176F58 /* TranscriptionIntegrationTests.swift in Sources */ = {isa = PBXBuildFile; fileRef = 5ED5F76025E88CFDF11D0CEF /* TranscriptionIntegrationTests.swift */; };
		B588F377644A750DAFE37A53 /* RecordingCapsule.swift in Sources */ = {isa = PBXBuildFile; fileRef = 1D88EB67634D156A847CB873 /* RecordingCapsule.swift */; };
		B6E88A54F8E8D4C3DCF3077B /* ModelRegistryTests.swift in Sources */ = {isa = PBXBuildFile; fileRef = A9EB9167EE7B4F27259A9091 /* ModelRegistryTests.swift */; };
		BD43B0FC4EE133C04D251A41 /* FirstRunView.swift in Sources */ = {isa = PBXBuildFile; fileRef = C14FC1542A9A2E3C86940C94 /* FirstRunView.swift */; };
		C0807D9374799C799801395B /* Theme.swift in Sources */ = {isa = PBXBuildFile; fileRef = 3BBB06B7A63BB516494FEB9C /* Theme.swift */; };
		C27CDFE0A9EFE69005A57C17 /* WhisperKitEngine.swift in Sources */ = {isa = PBXBuildFile; fileRef = F904936BE94770CAC188DDAF /* WhisperKitEngine.swift */; };
		C40E993167FE70BE8EB505E3 /* ParakeetEngineTests.swift in Sources */ = {isa = PBXBuildFile; fileRef = 4A33B4A9D2DD23505B6F6B16 /* ParakeetEngineTests.swift */; };
		C6B4D5352FC6E6F359C9E01D /* CleanupService.swift in Sources */ = {isa = PBXBuildFile; fileRef = 69AD0AFFCE09D97153A57908 /* CleanupService.swift */; };
		C7B69514F08B7020474EFEDC /* MLXLMCommon in Frameworks */ = {isa = PBXBuildFile; productRef = BA58CD77C6ACD9A9913F0561 /* MLXLMCommon */; };
		D1FE8F7956E20A790010F1FC /* ModelBenchmarkTests.swift in Sources */ = {isa = PBXBuildFile; fileRef = 2BFB58638D97937C8433243F /* ModelBenchmarkTests.swift */; };
		D6AAC2272D7FD199FB76E31A /* TranscriptStore.swift in Sources */ = {isa = PBXBuildFile; fileRef = 5037D1267461BD4C8CB3133A /* TranscriptStore.swift */; };
		DA2387ED0031DAD6E709D402 /* DiarizationService.swift in Sources */ = {isa = PBXBuildFile; fileRef = 6F7164FEEB539FA3D90612E4 /* DiarizationService.swift */; };
		DB70FE3E86A52E2EB49EDEFF /* ModelDownloader.swift in Sources */ = {isa = PBXBuildFile; fileRef = 098B82AAFBDAFCBF79C63CAF /* ModelDownloader.swift */; };
		DDFF36075D1001D5ADD71CDC /* SpeakerKit in Frameworks */ = {isa = PBXBuildFile; productRef = F21FC78D7D330656D929FB71 /* SpeakerKit */; };
		DFD80E80AE4CB494BD3D8451 /* TranscriptionPipeline.swift in Sources */ = {isa = PBXBuildFile; fileRef = E8BB9ECC822E8BF55CFF05EF /* TranscriptionPipeline.swift */; };
		E23C10B466FB606206E800B8 /* TempFileCleanupTests.swift in Sources */ = {isa = PBXBuildFile; fileRef = DB38E35DE0C5043B25E5E0E4 /* TempFileCleanupTests.swift */; };
		EA692C87942FA839B781F040 /* RetiredModelFilesTests.swift in Sources */ = {isa = PBXBuildFile; fileRef = 6667767F33A892EEB3DD00CB /* RetiredModelFilesTests.swift */; };
		EF29F35D1350CEB4B0F77609 /* AppState.swift in Sources */ = {isa = PBXBuildFile; fileRef = 8E6AB6D1C72B6F524BD81889 /* AppState.swift */; };
		F0F87FF1265C6F2F7997DF4C /* ModelDownloads.swift in Sources */ = {isa = PBXBuildFile; fileRef = 1FDD66CA13670B352B61AE54 /* ModelDownloads.swift */; };
		F314B350F9C3ED465B5F5A8B /* PushToTalkGesture.swift in Sources */ = {isa = PBXBuildFile; fileRef = DCD865C96E716005231002CE /* PushToTalkGesture.swift */; };
		F31EAB335ACFC4E942B96E15 /* MenuBarUITests.swift in Sources */ = {isa = PBXBuildFile; fileRef = 3815F419E6149EE66A738839 /* MenuBarUITests.swift */; };
		FAECF35865B5800CB5AED1BB /* ThirdPartyNotices.md in Resources */ = {isa = PBXBuildFile; fileRef = 6E37A4C68604A6A284E37D21 /* ThirdPartyNotices.md */; };
		FC1B64531A7EDF47DE8A97E6 /* SettingsView.swift in Sources */ = {isa = PBXBuildFile; fileRef = F2076911DD6ACFFFA3133984 /* SettingsView.swift */; };
		FC4EFEA88B3499C8889AB93A /* PrivacyInfo.xcprivacy in Resources */ = {isa = PBXBuildFile; fileRef = 8C930DD245240E398182716B /* PrivacyInfo.xcprivacy */; };
/* End PBXBuildFile section */

/* Begin PBXContainerItemProxy section */
		013E11261A5424DA094B28C6 /* PBXContainerItemProxy */ = {
			isa = PBXContainerItemProxy;
			containerPortal = 7140994496E663A6A6CFC903 /* Project object */;
			proxyType = 1;
			remoteGlobalIDString = FCFABFCBAAEAD5D5B5BE3467;
			remoteInfo = Honyaku;
		};
		095A3549FCD1271A0006F856 /* PBXContainerItemProxy */ = {
			isa = PBXContainerItemProxy;
			containerPortal = 7140994496E663A6A6CFC903 /* Project object */;
			proxyType = 1;
			remoteGlobalIDString = FCFABFCBAAEAD5D5B5BE3467;
			remoteInfo = Honyaku;
		};
		120A968E0D10F8AF65D9B58A /* PBXContainerItemProxy */ = {
			isa = PBXContainerItemProxy;
			containerPortal = 7140994496E663A6A6CFC903 /* Project object */;
			proxyType = 1;
			remoteGlobalIDString = FCFABFCBAAEAD5D5B5BE3467;
			remoteInfo = Honyaku;
		};
/* End PBXContainerItemProxy section */

/* Begin PBXFileReference section */
		0743C67BDB6FD340D907CB23 /* MenuBarWindows.swift */ = {isa = PBXFileReference; lastKnownFileType = sourcecode.swift; path = MenuBarWindows.swift; sourceTree = "<group>"; };
		098B82AAFBDAFCBF79C63CAF /* ModelDownloader.swift */ = {isa = PBXFileReference; lastKnownFileType = sourcecode.swift; path = ModelDownloader.swift; sourceTree = "<group>"; };
		1D88EB67634D156A847CB873 /* RecordingCapsule.swift */ = {isa = PBXFileReference; lastKnownFileType = sourcecode.swift; path = RecordingCapsule.swift; sourceTree = "<group>"; };
		1EF69E098890F20F841BEF94 /* KeychainService.swift */ = {isa = PBXFileReference; lastKnownFileType = sourcecode.swift; path = KeychainService.swift; sourceTree = "<group>"; };
		1FDD66CA13670B352B61AE54 /* ModelDownloads.swift */ = {isa = PBXFileReference; lastKnownFileType = sourcecode.swift; path = ModelDownloads.swift; sourceTree = "<group>"; };
		20814B485D3D0539C3F608AD /* CleanupServiceTests.swift */ = {isa = PBXFileReference; lastKnownFileType = sourcecode.swift; path = CleanupServiceTests.swift; sourceTree = "<group>"; };
		20FADEBDEBEF5B31404040B2 /* ModelInfo.swift */ = {isa = PBXFileReference; lastKnownFileType = sourcecode.swift; path = ModelInfo.swift; sourceTree = "<group>"; };
		2BFB58638D97937C8433243F /* ModelBenchmarkTests.swift */ = {isa = PBXFileReference; lastKnownFileType = sourcecode.swift; path = ModelBenchmarkTests.swift; sourceTree = "<group>"; };
		2EEA5ABED8EDE2CFD2F24ABE /* SpeakerSegment.swift */ = {isa = PBXFileReference; lastKnownFileType = sourcecode.swift; path = SpeakerSegment.swift; sourceTree = "<group>"; };
		2F99A4BB65143E8992ABC3C3 /* SingleInstanceService.swift */ = {isa = PBXFileReference; lastKnownFileType = sourcecode.swift; path = SingleInstanceService.swift; sourceTree = "<group>"; };
		3815F419E6149EE66A738839 /* MenuBarUITests.swift */ = {isa = PBXFileReference; lastKnownFileType = sourcecode.swift; path = MenuBarUITests.swift; sourceTree = "<group>"; };
		38488E782725D0616D41E92E /* ModelRegistry.swift */ = {isa = PBXFileReference; lastKnownFileType = sourcecode.swift; path = ModelRegistry.swift; sourceTree = "<group>"; };
		38A2F1BE09E0FE0A9DDAF292 /* SpeechEngine.swift */ = {isa = PBXFileReference; lastKnownFileType = sourcecode.swift; path = SpeechEngine.swift; sourceTree = "<group>"; };
		3BBB06B7A63BB516494FEB9C /* Theme.swift */ = {isa = PBXFileReference; lastKnownFileType = sourcecode.swift; path = Theme.swift; sourceTree = "<group>"; };
		3CABA4C3A063A82110592849 /* ModelInstaller.swift */ = {isa = PBXFileReference; lastKnownFileType = sourcecode.swift; path = ModelInstaller.swift; sourceTree = "<group>"; };
		4A33B4A9D2DD23505B6F6B16 /* ParakeetEngineTests.swift */ = {isa = PBXFileReference; lastKnownFileType = sourcecode.swift; path = ParakeetEngineTests.swift; sourceTree = "<group>"; };
		4A6473CB36D5049777D6D9E5 /* RedesignTests.swift */ = {isa = PBXFileReference; lastKnownFileType = sourcecode.swift; path = RedesignTests.swift; sourceTree = "<group>"; };
		5037D1267461BD4C8CB3133A /* TranscriptStore.swift */ = {isa = PBXFileReference; lastKnownFileType = sourcecode.swift; path = TranscriptStore.swift; sourceTree = "<group>"; };
		5B00031D1D68152EEA445A12 /* Debug.xcconfig */ = {isa = PBXFileReference; lastKnownFileType = text.xcconfig; path = Debug.xcconfig; sourceTree = "<group>"; };
		5ED5F76025E88CFDF11D0CEF /* TranscriptionIntegrationTests.swift */ = {isa = PBXFileReference; lastKnownFileType = sourcecode.swift; path = TranscriptionIntegrationTests.swift; sourceTree = "<group>"; };
		5FF1407837A235C2A6CC930D /* PipelineOrderingTests.swift */ = {isa = PBXFileReference; lastKnownFileType = sourcecode.swift; path = PipelineOrderingTests.swift; sourceTree = "<group>"; };
		6108744515D3360F23E149A8 /* ModelInstallerTests.swift */ = {isa = PBXFileReference; lastKnownFileType = sourcecode.swift; path = ModelInstallerTests.swift; sourceTree = "<group>"; };
		61F172FEB18DC9B3D083562C /* ModelStore.swift */ = {isa = PBXFileReference; lastKnownFileType = sourcecode.swift; path = ModelStore.swift; sourceTree = "<group>"; };
		6667767F33A892EEB3DD00CB /* RetiredModelFilesTests.swift */ = {isa = PBXFileReference; lastKnownFileType = sourcecode.swift; path = RetiredModelFilesTests.swift; sourceTree = "<group>"; };
		6918104DEB9040B693339214 /* TranscriptEntry.swift */ = {isa = PBXFileReference; lastKnownFileType = sourcecode.swift; path = TranscriptEntry.swift; sourceTree = "<group>"; };
		69AD0AFFCE09D97153A57908 /* CleanupService.swift */ = {isa = PBXFileReference; lastKnownFileType = sourcecode.swift; path = CleanupService.swift; sourceTree = "<group>"; };
		6E37A4C68604A6A284E37D21 /* ThirdPartyNotices.md */ = {isa = PBXFileReference; lastKnownFileType = net.daringfireball.markdown; path = ThirdPartyNotices.md; sourceTree = "<group>"; };
		6F7164FEEB539FA3D90612E4 /* DiarizationService.swift */ = {isa = PBXFileReference; lastKnownFileType = sourcecode.swift; path = DiarizationService.swift; sourceTree = "<group>"; };
		7880787C7E8CD6744274D933 /* AudioCaptureService.swift */ = {isa = PBXFileReference; lastKnownFileType = sourcecode.swift; path = AudioCaptureService.swift; sourceTree = "<group>"; };
		7CB3FF8431F439F227B38078 /* ModelDownloaderTests.swift */ = {isa = PBXFileReference; lastKnownFileType = sourcecode.swift; path = ModelDownloaderTests.swift; sourceTree = "<group>"; };
		8469EA80F9B9C7FBDD532AF7 /* PasteServiceTests.swift */ = {isa = PBXFileReference; lastKnownFileType = sourcecode.swift; path = PasteServiceTests.swift; sourceTree = "<group>"; };
		8C930DD245240E398182716B /* PrivacyInfo.xcprivacy */ = {isa = PBXFileReference; path = PrivacyInfo.xcprivacy; sourceTree = "<group>"; };
		8E6AB6D1C72B6F524BD81889 /* AppState.swift */ = {isa = PBXFileReference; lastKnownFileType = sourcecode.swift; path = AppState.swift; sourceTree = "<group>"; };
		93AB4C017207BC645E2B109E /* TranscriptionService.swift */ = {isa = PBXFileReference; lastKnownFileType = sourcecode.swift; path = TranscriptionService.swift; sourceTree = "<group>"; };
		A66A4EA2D911AA4D16799AC2 /* Info.plist */ = {isa = PBXFileReference; lastKnownFileType = text.plist; path = Info.plist; sourceTree = "<group>"; };
		A74BA4419D0A6AF4134D24EB /* ServiceProtocols.swift */ = {isa = PBXFileReference; lastKnownFileType = sourcecode.swift; path = ServiceProtocols.swift; sourceTree = "<group>"; };
		A9EB9167EE7B4F27259A9091 /* ModelRegistryTests.swift */ = {isa = PBXFileReference; lastKnownFileType = sourcecode.swift; path = ModelRegistryTests.swift; sourceTree = "<group>"; };
		AC2CE35BC618354D54B90D40 /* HonyakuTests.xctest */ = {isa = PBXFileReference; explicitFileType = wrapper.cfbundle; includeInIndex = 0; path = HonyakuTests.xctest; sourceTree = BUILT_PRODUCTS_DIR; };
		ACB5B9D5F7FAED8A347F2C8B /* SingleInstanceServiceTests.swift */ = {isa = PBXFileReference; lastKnownFileType = sourcecode.swift; path = SingleInstanceServiceTests.swift; sourceTree = "<group>"; };
		ACFE896F6EC34F817BD66157 /* ParakeetEngine.swift */ = {isa = PBXFileReference; lastKnownFileType = sourcecode.swift; path = ParakeetEngine.swift; sourceTree = "<group>"; };
		B0138529CE4C8D50F52201D8 /* TranscriptStoreTests.swift */ = {isa = PBXFileReference; lastKnownFileType = sourcecode.swift; path = TranscriptStoreTests.swift; sourceTree = "<group>"; };
		B1738FDD083A43E230D7320A /* NetworkAuditDelegate.swift */ = {isa = PBXFileReference; lastKnownFileType = sourcecode.swift; path = NetworkAuditDelegate.swift; sourceTree = "<group>"; };
		B6A2D280C5A741F21D141381 /* HonyakuApp.swift */ = {isa = PBXFileReference; lastKnownFileType = sourcecode.swift; path = HonyakuApp.swift; sourceTree = "<group>"; };
		C118FABBD260C3626AF1A284 /* TranscriptionServiceTests.swift */ = {isa = PBXFileReference; lastKnownFileType = sourcecode.swift; path = TranscriptionServiceTests.swift; sourceTree = "<group>"; };
		C14FC1542A9A2E3C86940C94 /* FirstRunView.swift */ = {isa = PBXFileReference; lastKnownFileType = sourcecode.swift; path = FirstRunView.swift; sourceTree = "<group>"; };
		C6EE13AC04B231794090E185 /* DiarizationIntegrationTests.swift */ = {isa = PBXFileReference; lastKnownFileType = sourcecode.swift; path = DiarizationIntegrationTests.swift; sourceTree = "<group>"; };
		C99CE8912C0EB663CD68C9B0 /* HotkeyService.swift */ = {isa = PBXFileReference; lastKnownFileType = sourcecode.swift; path = HotkeyService.swift; sourceTree = "<group>"; };
		D43FD9661CA6D8ACB933F4EE /* SilenceGateTests.swift */ = {isa = PBXFileReference; lastKnownFileType = sourcecode.swift; path = SilenceGateTests.swift; sourceTree = "<group>"; };
		D6E45E968DE63F2C4790A010 /* PasteService.swift */ = {isa = PBXFileReference; lastKnownFileType = sourcecode.swift; path = PasteService.swift; sourceTree = "<group>"; };
		D74849FBE28330947E121FAC /* PushToTalkGestureTests.swift */ = {isa = PBXFileReference; lastKnownFileType = sourcecode.swift; path = PushToTalkGestureTests.swift; sourceTree = "<group>"; };
		D840E374AB63FA153B6C9FB2 /* HonyakuIntegrationTests.xctest */ = {isa = PBXFileReference; explicitFileType = wrapper.cfbundle; includeInIndex = 0; path = HonyakuIntegrationTests.xctest; sourceTree = BUILT_PRODUCTS_DIR; };
		DB38E35DE0C5043B25E5E0E4 /* TempFileCleanupTests.swift */ = {isa = PBXFileReference; lastKnownFileType = sourcecode.swift; path = TempFileCleanupTests.swift; sourceTree = "<group>"; };
		DB5C27B9752C3DB5955E093D /* CleanupIntegrationTests.swift */ = {isa = PBXFileReference; lastKnownFileType = sourcecode.swift; path = CleanupIntegrationTests.swift; sourceTree = "<group>"; };
		DCD865C96E716005231002CE /* PushToTalkGesture.swift */ = {isa = PBXFileReference; lastKnownFileType = sourcecode.swift; path = PushToTalkGesture.swift; sourceTree = "<group>"; };
		DDA067C20FE9293DD214CB65 /* KeycapView.swift */ = {isa = PBXFileReference; lastKnownFileType = sourcecode.swift; path = KeycapView.swift; sourceTree = "<group>"; };
		DFF9B8EA7D4E1749EF3C27D9 /* Info.plist */ = {isa = PBXFileReference; lastKnownFileType = text.plist; path = Info.plist; sourceTree = "<group>"; };
		E55E8F9A4BA205025B2D191C /* IntegrationTestBase.swift */ = {isa = PBXFileReference; lastKnownFileType = sourcecode.swift; path = IntegrationTestBase.swift; sourceTree = "<group>"; };
		E8BB9ECC822E8BF55CFF05EF /* TranscriptionPipeline.swift */ = {isa = PBXFileReference; lastKnownFileType = sourcecode.swift; path = TranscriptionPipeline.swift; sourceTree = "<group>"; };
		F0C1C41D77BF1178238E6FB1 /* Honyaku.app */ = {isa = PBXFileReference; explicitFileType = wrapper.application; includeInIndex = 0; path = Honyaku.app; sourceTree = BUILT_PRODUCTS_DIR; };
		F0C9096444D42859276843E9 /* AppStatus.swift */ = {isa = PBXFileReference; lastKnownFileType = sourcecode.swift; path = AppStatus.swift; sourceTree = "<group>"; };
		F2076911DD6ACFFFA3133984 /* SettingsView.swift */ = {isa = PBXFileReference; lastKnownFileType = sourcecode.swift; path = SettingsView.swift; sourceTree = "<group>"; };
		F329BCEF7214AACD95ED1C95 /* PermissionManager.swift */ = {isa = PBXFileReference; lastKnownFileType = sourcecode.swift; path = PermissionManager.swift; sourceTree = "<group>"; };
		F59C44AAB42D6A48B1CBAF31 /* HonyakuUITests.xctest */ = {isa = PBXFileReference; explicitFileType = wrapper.cfbundle; includeInIndex = 0; path = HonyakuUITests.xctest; sourceTree = BUILT_PRODUCTS_DIR; };
		F713142AB2DBA99DE3D164CD /* AppCoordinator.swift */ = {isa = PBXFileReference; lastKnownFileType = sourcecode.swift; path = AppCoordinator.swift; sourceTree = "<group>"; };
		F904936BE94770CAC188DDAF /* WhisperKitEngine.swift */ = {isa = PBXFileReference; lastKnownFileType = sourcecode.swift; path = WhisperKitEngine.swift; sourceTree = "<group>"; };
		FCC8E65EBA78614DF07616A1 /* HotkeyServiceTests.swift */ = {isa = PBXFileReference; lastKnownFileType = sourcecode.swift; path = HotkeyServiceTests.swift; sourceTree = "<group>"; };
/* End PBXFileReference section */

/* Begin PBXFrameworksBuildPhase section */
		21B21B205FB792F3CD971E83 /* Frameworks */ = {
			isa = PBXFrameworksBuildPhase;
			buildActionMask = 2147483647;
			files = (
				84CDD4F7DE25C1A7D0F8AF76 /* WhisperKit in Frameworks */,
				9B66EB0DB92E179D4B8EDBF4 /* FluidAudio in Frameworks */,
			);
			runOnlyForDeploymentPostprocessing = 0;
		};
		F5787DA1921EC78EE332C8A7 /* Frameworks */ = {
			isa = PBXFrameworksBuildPhase;
			buildActionMask = 2147483647;
			files = (
				23B30496629B70A530003765 /* WhisperKit in Frameworks */,
				DDFF36075D1001D5ADD71CDC /* SpeakerKit in Frameworks */,
				43F859F60A7E86C4E8819F7F /* MLXLLM in Frameworks */,
				C7B69514F08B7020474EFEDC /* MLXLMCommon in Frameworks */,
				22C69CA52FC92706B1559898 /* FluidAudio in Frameworks */,
				3E3D5F773D94BF15F4F56DA1 /* MLX in Frameworks */,
			);
			runOnlyForDeploymentPostprocessing = 0;
		};
/* End PBXFrameworksBuildPhase section */

/* Begin PBXGroup section */
		01849C45560D8E4905FB9A3E /* Protocols */ = {
			isa = PBXGroup;
			children = (
				A74BA4419D0A6AF4134D24EB /* ServiceProtocols.swift */,
			);
			path = Protocols;
			sourceTree = "<group>";
		};
		09A407A3BF28F02B1155E51D /* Sources */ = {
			isa = PBXGroup;
			children = (
				C0D96D3A4660FAE056EAE244 /* Honyaku */,
				E7C090CD3ED244178F5383A2 /* Resources */,
			);
			path = Sources;
			sourceTree = "<group>";
		};
		1AECCF5B67988DF2136F093D /* HonyakuTests */ = {
			isa = PBXGroup;
			children = (
				20814B485D3D0539C3F608AD /* CleanupServiceTests.swift */,
				FCC8E65EBA78614DF07616A1 /* HotkeyServiceTests.swift */,
				DFF9B8EA7D4E1749EF3C27D9 /* Info.plist */,
				7CB3FF8431F439F227B38078 /* ModelDownloaderTests.swift */,
				6108744515D3360F23E149A8 /* ModelInstallerTests.swift */,
				A9EB9167EE7B4F27259A9091 /* ModelRegistryTests.swift */,
				4A33B4A9D2DD23505B6F6B16 /* ParakeetEngineTests.swift */,
				8469EA80F9B9C7FBDD532AF7 /* PasteServiceTests.swift */,
				5FF1407837A235C2A6CC930D /* PipelineOrderingTests.swift */,
				D74849FBE28330947E121FAC /* PushToTalkGestureTests.swift */,
				4A6473CB36D5049777D6D9E5 /* RedesignTests.swift */,
				6667767F33A892EEB3DD00CB /* RetiredModelFilesTests.swift */,
				D43FD9661CA6D8ACB933F4EE /* SilenceGateTests.swift */,
				ACB5B9D5F7FAED8A347F2C8B /* SingleInstanceServiceTests.swift */,
				DB38E35DE0C5043B25E5E0E4 /* TempFileCleanupTests.swift */,
				C118FABBD260C3626AF1A284 /* TranscriptionServiceTests.swift */,
				B0138529CE4C8D50F52201D8 /* TranscriptStoreTests.swift */,
			);
			path = HonyakuTests;
			sourceTree = "<group>";
		};
		3C13A0835E97FA9AA38FE174 /* Products */ = {
			isa = PBXGroup;
			children = (
				F0C1C41D77BF1178238E6FB1 /* Honyaku.app */,
				D840E374AB63FA153B6C9FB2 /* HonyakuIntegrationTests.xctest */,
				AC2CE35BC618354D54B90D40 /* HonyakuTests.xctest */,
				F59C44AAB42D6A48B1CBAF31 /* HonyakuUITests.xctest */,
			);
			name = Products;
			sourceTree = "<group>";
		};
		4EFC83CD2981BB040A406BA3 /* HonyakuIntegrationTests */ = {
			isa = PBXGroup;
			children = (
				DB5C27B9752C3DB5955E093D /* CleanupIntegrationTests.swift */,
				C6EE13AC04B231794090E185 /* DiarizationIntegrationTests.swift */,
				A66A4EA2D911AA4D16799AC2 /* Info.plist */,
				E55E8F9A4BA205025B2D191C /* IntegrationTestBase.swift */,
				2BFB58638D97937C8433243F /* ModelBenchmarkTests.swift */,
				5ED5F76025E88CFDF11D0CEF /* TranscriptionIntegrationTests.swift */,
			);
			path = HonyakuIntegrationTests;
			sourceTree = "<group>";
		};
		549D04DE0F4482D543A83A40 /* HonyakuUITests */ = {
			isa = PBXGroup;
			children = (
				3815F419E6149EE66A738839 /* MenuBarUITests.swift */,
			);
			path = HonyakuUITests;
			sourceTree = "<group>";
		};
		7F2CC9C8D5BE41A9AAD2B211 /* Services */ = {
			isa = PBXGroup;
			children = (
				7880787C7E8CD6744274D933 /* AudioCaptureService.swift */,
				69AD0AFFCE09D97153A57908 /* CleanupService.swift */,
				6F7164FEEB539FA3D90612E4 /* DiarizationService.swift */,
				C99CE8912C0EB663CD68C9B0 /* HotkeyService.swift */,
				1EF69E098890F20F841BEF94 /* KeychainService.swift */,
				098B82AAFBDAFCBF79C63CAF /* ModelDownloader.swift */,
				1FDD66CA13670B352B61AE54 /* ModelDownloads.swift */,
				3CABA4C3A063A82110592849 /* ModelInstaller.swift */,
				38488E782725D0616D41E92E /* ModelRegistry.swift */,
				61F172FEB18DC9B3D083562C /* ModelStore.swift */,
				B1738FDD083A43E230D7320A /* NetworkAuditDelegate.swift */,
				ACFE896F6EC34F817BD66157 /* ParakeetEngine.swift */,
				D6E45E968DE63F2C4790A010 /* PasteService.swift */,
				F329BCEF7214AACD95ED1C95 /* PermissionManager.swift */,
				DCD865C96E716005231002CE /* PushToTalkGesture.swift */,
				2F99A4BB65143E8992ABC3C3 /* SingleInstanceService.swift */,
				38A2F1BE09E0FE0A9DDAF292 /* SpeechEngine.swift */,
				93AB4C017207BC645E2B109E /* TranscriptionService.swift */,
				5037D1267461BD4C8CB3133A /* TranscriptStore.swift */,
				F904936BE94770CAC188DDAF /* WhisperKitEngine.swift */,
				01849C45560D8E4905FB9A3E /* Protocols */,
			);
			path = Services;
			sourceTree = "<group>";
		};
		8B0828A9ADC0B0EDE0ADE394 = {
			isa = PBXGroup;
			children = (
				C6020A1DB9D5CC6E9A4804C9 /* Config */,
				4EFC83CD2981BB040A406BA3 /* HonyakuIntegrationTests */,
				1AECCF5B67988DF2136F093D /* HonyakuTests */,
				549D04DE0F4482D543A83A40 /* HonyakuUITests */,
				09A407A3BF28F02B1155E51D /* Sources */,
				3C13A0835E97FA9AA38FE174 /* Products */,
			);
			sourceTree = "<group>";
		};
		A84D8913C4ADBB1671C36855 /* App */ = {
			isa = PBXGroup;
			children = (
				F713142AB2DBA99DE3D164CD /* AppCoordinator.swift */,
				8E6AB6D1C72B6F524BD81889 /* AppState.swift */,
				B6A2D280C5A741F21D141381 /* HonyakuApp.swift */,
				0743C67BDB6FD340D907CB23 /* MenuBarWindows.swift */,
			);
			path = App;
			sourceTree = "<group>";
		};
		C0D96D3A4660FAE056EAE244 /* Honyaku */ = {
			isa = PBXGroup;
			children = (
				A84D8913C4ADBB1671C36855 /* App */,
				CBE2F77913338F970C8CDAB9 /* Models */,
				FEF93D82D801CCAA0C197E91 /* Pipeline */,
				7F2CC9C8D5BE41A9AAD2B211 /* Services */,
				EAC87FC8A955BC7CBA668DA4 /* Views */,
			);
			path = Honyaku;
			sourceTree = "<group>";
		};
		C6020A1DB9D5CC6E9A4804C9 /* Config */ = {
			isa = PBXGroup;
			children = (
				5B00031D1D68152EEA445A12 /* Debug.xcconfig */,
			);
			path = Config;
			sourceTree = "<group>";
		};
		CBE2F77913338F970C8CDAB9 /* Models */ = {
			isa = PBXGroup;
			children = (
				F0C9096444D42859276843E9 /* AppStatus.swift */,
				20FADEBDEBEF5B31404040B2 /* ModelInfo.swift */,
				2EEA5ABED8EDE2CFD2F24ABE /* SpeakerSegment.swift */,
				6918104DEB9040B693339214 /* TranscriptEntry.swift */,
			);
			path = Models;
			sourceTree = "<group>";
		};
		E7C090CD3ED244178F5383A2 /* Resources */ = {
			isa = PBXGroup;
			children = (
				8C930DD245240E398182716B /* PrivacyInfo.xcprivacy */,
				6E37A4C68604A6A284E37D21 /* ThirdPartyNotices.md */,
			);
			path = Resources;
			sourceTree = "<group>";
		};
		EAC87FC8A955BC7CBA668DA4 /* Views */ = {
			isa = PBXGroup;
			children = (
				C14FC1542A9A2E3C86940C94 /* FirstRunView.swift */,
				DDA067C20FE9293DD214CB65 /* KeycapView.swift */,
				1D88EB67634D156A847CB873 /* RecordingCapsule.swift */,
				F2076911DD6ACFFFA3133984 /* SettingsView.swift */,
				3BBB06B7A63BB516494FEB9C /* Theme.swift */,
			);
			path = Views;
			sourceTree = "<group>";
		};
		FEF93D82D801CCAA0C197E91 /* Pipeline */ = {
			isa = PBXGroup;
			children = (
				E8BB9ECC822E8BF55CFF05EF /* TranscriptionPipeline.swift */,
			);
			path = Pipeline;
			sourceTree = "<group>";
		};
/* End PBXGroup section */

/* Begin PBXNativeTarget section */
		3703FC7CC9F5B66E6CC3ED49 /* HonyakuTests */ = {
			isa = PBXNativeTarget;
			buildConfigurationList = 67DAC10E6FC2FFF3A892C2B0 /* Build configuration list for PBXNativeTarget "HonyakuTests" */;
			buildPhases = (
				1D5C3673D16AF3C2263420C5 /* Sources */,
			);
			buildRules = (
			);
			dependencies = (
				4F3E0F3A0C53B0C6EA702A53 /* PBXTargetDependency */,
			);
			name = HonyakuTests;
			packageProductDependencies = (
			);
			productName = HonyakuTests;
			productReference = AC2CE35BC618354D54B90D40 /* HonyakuTests.xctest */;
			productType = "com.apple.product-type.bundle.unit-test";
		};
		C7B18B3F7F6F357A0CAB0A56 /* HonyakuUITests */ = {
			isa = PBXNativeTarget;
			buildConfigurationList = C968A019C09F9E5200321DA8 /* Build configuration list for PBXNativeTarget "HonyakuUITests" */;
			buildPhases = (
				8B4AFAC7284C23757F005A36 /* Sources */,
			);
			buildRules = (
			);
			dependencies = (
				6DE7C096669249AF73A0DC5D /* PBXTargetDependency */,
			);
			name = HonyakuUITests;
			packageProductDependencies = (
			);
			productName = HonyakuUITests;
			productReference = F59C44AAB42D6A48B1CBAF31 /* HonyakuUITests.xctest */;
			productType = "com.apple.product-type.bundle.ui-testing";
		};
		F439153BCD35991A84B51199 /* HonyakuIntegrationTests */ = {
			isa = PBXNativeTarget;
			buildConfigurationList = D7411F20E34BE3B9C0370F7C /* Build configuration list for PBXNativeTarget "HonyakuIntegrationTests" */;
			buildPhases = (
				4BF28F465A914BA9B97DAEC3 /* Sources */,
				21B21B205FB792F3CD971E83 /* Frameworks */,
			);
			buildRules = (
			);
			dependencies = (
				3C939349B21A22E6DA353CED /* PBXTargetDependency */,
			);
			name = HonyakuIntegrationTests;
			packageProductDependencies = (
				6ABAFD44C29F179B8B2E55E8 /* WhisperKit */,
				69015C35BE8A491B32780EDF /* FluidAudio */,
			);
			productName = HonyakuIntegrationTests;
			productReference = D840E374AB63FA153B6C9FB2 /* HonyakuIntegrationTests.xctest */;
			productType = "com.apple.product-type.bundle.unit-test";
		};
		FCFABFCBAAEAD5D5B5BE3467 /* Honyaku */ = {
			isa = PBXNativeTarget;
			buildConfigurationList = 4F4415FD359013CE5371AFC4 /* Build configuration list for PBXNativeTarget "Honyaku" */;
			buildPhases = (
				F08E6908E13B68FE1F0C0236 /* Sources */,
				5FC79C267CC418725DFE0265 /* Resources */,
				F5787DA1921EC78EE332C8A7 /* Frameworks */,
			);
			buildRules = (
			);
			dependencies = (
			);
			name = Honyaku;
			packageProductDependencies = (
				1DC3354B9B3F2DFE29B3C1F0 /* WhisperKit */,
				F21FC78D7D330656D929FB71 /* SpeakerKit */,
				2D6D9362E6F2CCB39F6A3738 /* MLXLLM */,
				BA58CD77C6ACD9A9913F0561 /* MLXLMCommon */,
				95B121AA1368FBA8A8FE8CB3 /* FluidAudio */,
				B5B0F02D7A95346CBF78C620 /* MLX */,
			);
			productName = Honyaku;
			productReference = F0C1C41D77BF1178238E6FB1 /* Honyaku.app */;
			productType = "com.apple.product-type.application";
		};
/* End PBXNativeTarget section */

/* Begin PBXProject section */
		7140994496E663A6A6CFC903 /* Project object */ = {
			isa = PBXProject;
			attributes = {
				BuildIndependentTargetsInParallel = YES;
				LastUpgradeCheck = 1600;
				TargetAttributes = {
					C7B18B3F7F6F357A0CAB0A56 = {
						TestTargetID = FCFABFCBAAEAD5D5B5BE3467;
					};
					FCFABFCBAAEAD5D5B5BE3467 = {
						DevelopmentTeam = "";
						ProvisioningStyle = Manual;
					};
				};
			};
			buildConfigurationList = 1A632CD3BAB77F79CCD48C0E /* Build configuration list for PBXProject "Honyaku" */;
			developmentRegion = en;
			hasScannedForEncodings = 0;
			knownRegions = (
				Base,
				en,
			);
			mainGroup = 8B0828A9ADC0B0EDE0ADE394;
			minimizedProjectReferenceProxies = 1;
			packageReferences = (
				813E4B34ECDAAFB18EC60944 /* XCRemoteSwiftPackageReference "FluidAudio" */,
				B4C1AD4FAD88DB13773DA328 /* XCRemoteSwiftPackageReference "WhisperKit" */,
				E3506DCF39C06C1A88864C93 /* XCRemoteSwiftPackageReference "mlx-swift" */,
				FF2AEBA83D4E9AF74C3D6286 /* XCRemoteSwiftPackageReference "mlx-swift-lm" */,
			);
			preferredProjectObjectVersion = 77;
			productRefGroup = 3C13A0835E97FA9AA38FE174 /* Products */;
			projectDirPath = "";
			projectRoot = "";
			targets = (
				FCFABFCBAAEAD5D5B5BE3467 /* Honyaku */,
				F439153BCD35991A84B51199 /* HonyakuIntegrationTests */,
				3703FC7CC9F5B66E6CC3ED49 /* HonyakuTests */,
				C7B18B3F7F6F357A0CAB0A56 /* HonyakuUITests */,
			);
		};
/* End PBXProject section */

/* Begin PBXResourcesBuildPhase section */
		5FC79C267CC418725DFE0265 /* Resources */ = {
			isa = PBXResourcesBuildPhase;
			buildActionMask = 2147483647;
			files = (
				FC4EFEA88B3499C8889AB93A /* PrivacyInfo.xcprivacy in Resources */,
				FAECF35865B5800CB5AED1BB /* ThirdPartyNotices.md in Resources */,
			);
			runOnlyForDeploymentPostprocessing = 0;
		};
/* End PBXResourcesBuildPhase section */

/* Begin PBXSourcesBuildPhase section */
		1D5C3673D16AF3C2263420C5 /* Sources */ = {
			isa = PBXSourcesBuildPhase;
			buildActionMask = 2147483647;
			files = (
				65FD8D1BC0BCA1F3DFBF6BEA /* CleanupServiceTests.swift in Sources */,
				AC9775274A6F0D13F165A308 /* HotkeyServiceTests.swift in Sources */,
				8006DBB6F5331A8B3C7BBB53 /* ModelDownloaderTests.swift in Sources */,
				4E3C8FB2A88E897CEF3B1DB9 /* ModelInstallerTests.swift in Sources */,
				B6E88A54F8E8D4C3DCF3077B /* ModelRegistryTests.swift in Sources */,
				C40E993167FE70BE8EB505E3 /* ParakeetEngineTests.swift in Sources */,
				AA8C3D3D0BCC347132D172DA /* PasteServiceTests.swift in Sources */,
				90224F430A7285766CAB031E /* PipelineOrderingTests.swift in Sources */,
				537E0F0522232397144CE051 /* PushToTalkGestureTests.swift in Sources */,
				444C946EED7BFDA63640E0D3 /* RedesignTests.swift in Sources */,
				EA692C87942FA839B781F040 /* RetiredModelFilesTests.swift in Sources */,
				2D673E5D5C96D85EB3AB8FA8 /* SilenceGateTests.swift in Sources */,
				49185DA640262C9C8264D6EC /* SingleInstanceServiceTests.swift in Sources */,
				E23C10B466FB606206E800B8 /* TempFileCleanupTests.swift in Sources */,
				60993BB771B68FA6266F1581 /* TranscriptStoreTests.swift in Sources */,
				2B8F2D137095BDAF7A9C7964 /* TranscriptionServiceTests.swift in Sources */,
			);
			runOnlyForDeploymentPostprocessing = 0;
		};
		4BF28F465A914BA9B97DAEC3 /* Sources */ = {
			isa = PBXSourcesBuildPhase;
			buildActionMask = 2147483647;
			files = (
				2FF14EA119D7B90ACA24C5A8 /* CleanupIntegrationTests.swift in Sources */,
				B3B5D2A8A966A589DF707322 /* DiarizationIntegrationTests.swift in Sources */,
				29331628FB46AFE38CB50ED0 /* IntegrationTestBase.swift in Sources */,
				D1FE8F7956E20A790010F1FC /* ModelBenchmarkTests.swift in Sources */,
				B51EEF0734648F3ED1176F58 /* TranscriptionIntegrationTests.swift in Sources */,
			);
			runOnlyForDeploymentPostprocessing = 0;
		};
		8B4AFAC7284C23757F005A36 /* Sources */ = {
			isa = PBXSourcesBuildPhase;
			buildActionMask = 2147483647;
			files = (
				F31EAB335ACFC4E942B96E15 /* MenuBarUITests.swift in Sources */,
			);
			runOnlyForDeploymentPostprocessing = 0;
		};
		F08E6908E13B68FE1F0C0236 /* Sources */ = {
			isa = PBXSourcesBuildPhase;
			buildActionMask = 2147483647;
			files = (
				61EAC891DD96227FB1F363E2 /* AppCoordinator.swift in Sources */,
				EF29F35D1350CEB4B0F77609 /* AppState.swift in Sources */,
				7A10F7EB18C2DECE878771C4 /* AppStatus.swift in Sources */,
				066EC141C3171A1C5B6DB6E8 /* AudioCaptureService.swift in Sources */,
				C6B4D5352FC6E6F359C9E01D /* CleanupService.swift in Sources */,
				DA2387ED0031DAD6E709D402 /* DiarizationService.swift in Sources */,
				BD43B0FC4EE133C04D251A41 /* FirstRunView.swift in Sources */,
				08921E27BFD76F47EAD8560B /* HonyakuApp.swift in Sources */,
				416152D35FC4393FDDC2CE7A /* HotkeyService.swift in Sources */,
				7B3F722320611FB03F1D9A1C /* KeycapView.swift in Sources */,
				1A8EA159DDF0C7D01B169C86 /* KeychainService.swift in Sources */,
				5E5FD18EAC21B98BE55EAEA1 /* MenuBarWindows.swift in Sources */,
				DB70FE3E86A52E2EB49EDEFF /* ModelDownloader.swift in Sources */,
				F0F87FF1265C6F2F7997DF4C /* ModelDownloads.swift in Sources */,
				8DD7513BF6CC4DFC54DFA4EC /* ModelInfo.swift in Sources */,
				187AC80FCDF15B0DEA28264C /* ModelInstaller.swift in Sources */,
				8FD08101AC880370D53603E5 /* ModelRegistry.swift in Sources */,
				365A191199A8125B2E6404D4 /* ModelStore.swift in Sources */,
				66A6F791FF282997419EF808 /* NetworkAuditDelegate.swift in Sources */,
				5231857A61F51EB803C71531 /* ParakeetEngine.swift in Sources */,
				776877AFAB943E1FAD37D69B /* PasteService.swift in Sources */,
				A9535B5D50EA0593C9BD61B1 /* PermissionManager.swift in Sources */,
				F314B350F9C3ED465B5F5A8B /* PushToTalkGesture.swift in Sources */,
				B588F377644A750DAFE37A53 /* RecordingCapsule.swift in Sources */,
				049A166A64C3B5FC3217EA3E /* ServiceProtocols.swift in Sources */,
				FC1B64531A7EDF47DE8A97E6 /* SettingsView.swift in Sources */,
				AFDF6A7743610C1495578BA2 /* SingleInstanceService.swift in Sources */,
				3B732BC088AAF238A9540D7F /* SpeakerSegment.swift in Sources */,
				23982B39C001A7E60D34FAB5 /* SpeechEngine.swift in Sources */,
				C0807D9374799C799801395B /* Theme.swift in Sources */,
				2DAF325FD12CAD5EAF50E04F /* TranscriptEntry.swift in Sources */,
				D6AAC2272D7FD199FB76E31A /* TranscriptStore.swift in Sources */,
				DFD80E80AE4CB494BD3D8451 /* TranscriptionPipeline.swift in Sources */,
				41F9DE4191725ECF4E376EDB /* TranscriptionService.swift in Sources */,
				C27CDFE0A9EFE69005A57C17 /* WhisperKitEngine.swift in Sources */,
			);
			runOnlyForDeploymentPostprocessing = 0;
		};
/* End PBXSourcesBuildPhase section */

/* Begin PBXTargetDependency section */
		3C939349B21A22E6DA353CED /* PBXTargetDependency */ = {
			isa = PBXTargetDependency;
			target = FCFABFCBAAEAD5D5B5BE3467 /* Honyaku */;
			targetProxy = 095A3549FCD1271A0006F856 /* PBXContainerItemProxy */;
		};
		4F3E0F3A0C53B0C6EA702A53 /* PBXTargetDependency */ = {
			isa = PBXTargetDependency;
			target = FCFABFCBAAEAD5D5B5BE3467 /* Honyaku */;
			targetProxy = 013E11261A5424DA094B28C6 /* PBXContainerItemProxy */;
		};
		6DE7C096669249AF73A0DC5D /* PBXTargetDependency */ = {
			isa = PBXTargetDependency;
			target = FCFABFCBAAEAD5D5B5BE3467 /* Honyaku */;
			targetProxy = 120A968E0D10F8AF65D9B58A /* PBXContainerItemProxy */;
		};
/* End PBXTargetDependency section */

/* Begin XCBuildConfiguration section */
		63852CB1EC6DC6F823D42717 /* Debug */ = {
			isa = XCBuildConfiguration;
			baseConfigurationReference = 5B00031D1D68152EEA445A12 /* Debug.xcconfig */;
			buildSettings = {
				BUNDLE_LOADER = "$(TEST_HOST)";
				COMBINE_HIDPI_IMAGES = YES;
				INFOPLIST_FILE = HonyakuTests/Info.plist;
				LD_RUNPATH_SEARCH_PATHS = (
					"$(inherited)",
					"@executable_path/../Frameworks",
					"@loader_path/../Frameworks",
				);
				MACOSX_DEPLOYMENT_TARGET = 14.0;
				PRODUCT_BUNDLE_IDENTIFIER = com.honyaku.tests;
				SDKROOT = macosx;
				SWIFT_VERSION = 5.9;
				TEST_HOST = "$(BUILT_PRODUCTS_DIR)/Honyaku.app/Contents/MacOS/Honyaku";
			};
			name = Debug;
		};
		6B48C4D3298FA17203B81963 /* Debug */ = {
			isa = XCBuildConfiguration;
			buildSettings = {
				BUNDLE_LOADER = "$(TEST_HOST)";
				COMBINE_HIDPI_IMAGES = YES;
				GENERATE_INFOPLIST_FILE = YES;
				LD_RUNPATH_SEARCH_PATHS = (
					"$(inherited)",
					"@executable_path/Frameworks",
					"@loader_path/Frameworks",
				);
				MACOSX_DEPLOYMENT_TARGET = 14.0;
				PRODUCT_BUNDLE_IDENTIFIER = "com.honyaku.ui-tests";
				SDKROOT = macosx;
				SWIFT_VERSION = 5.9;
				TEST_TARGET_NAME = Honyaku;
			};
			name = Debug;
		};
		72AB69458A6BAC3D2AB97B5D /* Release */ = {
			isa = XCBuildConfiguration;
			buildSettings = {
				BUNDLE_LOADER = "$(TEST_HOST)";
				COMBINE_HIDPI_IMAGES = YES;
				GENERATE_INFOPLIST_FILE = YES;
				LD_RUNPATH_SEARCH_PATHS = (
					"$(inherited)",
					"@executable_path/Frameworks",
					"@loader_path/Frameworks",
				);
				MACOSX_DEPLOYMENT_TARGET = 14.0;
				PRODUCT_BUNDLE_IDENTIFIER = "com.honyaku.ui-tests";
				SDKROOT = macosx;
				SWIFT_VERSION = 5.9;
				TEST_TARGET_NAME = Honyaku;
			};
			name = Release;
		};
		797AD06F1E1EE9255AC5A15E /* Release */ = {
			isa = XCBuildConfiguration;
			buildSettings = {
				BUNDLE_LOADER = "$(TEST_HOST)";
				COMBINE_HIDPI_IMAGES = YES;
				INFOPLIST_FILE = HonyakuTests/Info.plist;
				LD_RUNPATH_SEARCH_PATHS = (
					"$(inherited)",
					"@executable_path/../Frameworks",
					"@loader_path/../Frameworks",
				);
				MACOSX_DEPLOYMENT_TARGET = 14.0;
				PRODUCT_BUNDLE_IDENTIFIER = com.honyaku.tests;
				SDKROOT = macosx;
				SWIFT_VERSION = 5.9;
				TEST_HOST = "$(BUILT_PRODUCTS_DIR)/Honyaku.app/Contents/MacOS/Honyaku";
			};
			name = Release;
		};
		9A3EA029B5B870C386C74B3B /* Release */ = {
			isa = XCBuildConfiguration;
			buildSettings = {
				ALWAYS_SEARCH_USER_PATHS = NO;
				CLANG_ANALYZER_NONNULL = YES;
				CLANG_ANALYZER_NUMBER_OBJECT_CONVERSION = YES_AGGRESSIVE;
				CLANG_CXX_LANGUAGE_STANDARD = "gnu++14";
				CLANG_CXX_LIBRARY = "libc++";
				CLANG_ENABLE_MODULES = YES;
				CLANG_ENABLE_OBJC_ARC = YES;
				CLANG_ENABLE_OBJC_WEAK = YES;
				CLANG_WARN_BLOCK_CAPTURE_AUTORELEASING = YES;
				CLANG_WARN_BOOL_CONVERSION = YES;
				CLANG_WARN_COMMA = YES;
				CLANG_WARN_CONSTANT_CONVERSION = YES;
				CLANG_WARN_DEPRECATED_OBJC_IMPLEMENTATIONS = YES;
				CLANG_WARN_DIRECT_OBJC_ISA_USAGE = YES_ERROR;
				CLANG_WARN_DOCUMENTATION_COMMENTS = YES;
				CLANG_WARN_EMPTY_BODY = YES;
				CLANG_WARN_ENUM_CONVERSION = YES;
				CLANG_WARN_INFINITE_RECURSION = YES;
				CLANG_WARN_INT_CONVERSION = YES;
				CLANG_WARN_NON_LITERAL_NULL_CONVERSION = YES;
				CLANG_WARN_OBJC_IMPLICIT_RETAIN_SELF = YES;
				CLANG_WARN_OBJC_LITERAL_CONVERSION = YES;
				CLANG_WARN_OBJC_ROOT_CLASS = YES_ERROR;
				CLANG_WARN_QUOTED_INCLUDE_IN_FRAMEWORK_HEADER = YES;
				CLANG_WARN_RANGE_LOOP_ANALYSIS = YES;
				CLANG_WARN_STRICT_PROTOTYPES = YES;
				CLANG_WARN_SUSPICIOUS_MOVE = YES;
				CLANG_WARN_UNGUARDED_AVAILABILITY = YES_AGGRESSIVE;
				CLANG_WARN_UNREACHABLE_CODE = YES;
				CLANG_WARN__DUPLICATE_METHOD_MATCH = YES;
				COPY_PHASE_STRIP = NO;
				DEBUG_INFORMATION_FORMAT = "dwarf-with-dsym";
				ENABLE_NS_ASSERTIONS = NO;
				ENABLE_STRICT_OBJC_MSGSEND = YES;
				GCC_C_LANGUAGE_STANDARD = gnu11;
				GCC_NO_COMMON_BLOCKS = YES;
				GCC_WARN_64_TO_32_BIT_CONVERSION = YES;
				GCC_WARN_ABOUT_RETURN_TYPE = YES_ERROR;
				GCC_WARN_UNDECLARED_SELECTOR = YES;
				GCC_WARN_UNINITIALIZED_AUTOS = YES_AGGRESSIVE;
				GCC_WARN_UNUSED_FUNCTION = YES;
				GCC_WARN_UNUSED_VARIABLE = YES;
				MACOSX_DEPLOYMENT_TARGET = 14.0;
				MTL_ENABLE_DEBUG_INFO = NO;
				MTL_FAST_MATH = YES;
				PRODUCT_NAME = "$(TARGET_NAME)";
				SDKROOT = macosx;
				SWIFT_COMPILATION_MODE = wholemodule;
				SWIFT_OPTIMIZATION_LEVEL = "-O";
				SWIFT_VERSION = 5.0;
			};
			name = Release;
		};
		A9AE5F0BB2C3E5DE8C357CA9 /* Debug */ = {
			isa = XCBuildConfiguration;
			baseConfigurationReference = 5B00031D1D68152EEA445A12 /* Debug.xcconfig */;
			buildSettings = {
				ASSETCATALOG_COMPILER_APPICON_NAME = AppIcon;
				CODE_SIGN_ENTITLEMENTS = Sources/Resources/Honyaku.entitlements;
				COMBINE_HIDPI_IMAGES = YES;
				ENABLE_APP_SANDBOX = NO;
				ENABLE_HARDENED_RUNTIME = YES;
				INFOPLIST_FILE = Sources/Resources/Info.plist;
				LD_RUNPATH_SEARCH_PATHS = (
					"$(inherited)",
					"@executable_path/../Frameworks",
				);
				MACOSX_DEPLOYMENT_TARGET = 14.0;
				PRODUCT_BUNDLE_IDENTIFIER = com.honyaku.app;
				SDKROOT = macosx;
				SWIFT_VERSION = 5.9;
			};
			name = Debug;
		};
		AE2F2A2A9575A735FF10821A /* Release */ = {
			isa = XCBuildConfiguration;
			buildSettings = {
				ASSETCATALOG_COMPILER_APPICON_NAME = AppIcon;
				CODE_SIGN_ENTITLEMENTS = Sources/Resources/Honyaku.entitlements;
				CODE_SIGN_IDENTITY = "-";
				CODE_SIGN_STYLE = Manual;
				COMBINE_HIDPI_IMAGES = YES;
				DEVELOPMENT_TEAM = "";
				ENABLE_APP_SANDBOX = NO;
				ENABLE_HARDENED_RUNTIME = YES;
				INFOPLIST_FILE = Sources/Resources/Info.plist;
				LD_RUNPATH_SEARCH_PATHS = (
					"$(inherited)",
					"@executable_path/../Frameworks",
				);
				MACOSX_DEPLOYMENT_TARGET = 14.0;
				PRODUCT_BUNDLE_IDENTIFIER = com.honyaku.app;
				SDKROOT = macosx;
				SWIFT_VERSION = 5.9;
			};
			name = Release;
		};
		B152454083C1C6BD8AE67454 /* Debug */ = {
			isa = XCBuildConfiguration;
			baseConfigurationReference = 5B00031D1D68152EEA445A12 /* Debug.xcconfig */;
			buildSettings = {
				BUNDLE_LOADER = "$(TEST_HOST)";
				COMBINE_HIDPI_IMAGES = YES;
				INFOPLIST_FILE = HonyakuIntegrationTests/Info.plist;
				LD_RUNPATH_SEARCH_PATHS = (
					"$(inherited)",
					"@executable_path/../Frameworks",
					"@loader_path/../Frameworks",
				);
				MACOSX_DEPLOYMENT_TARGET = 14.0;
				PRODUCT_BUNDLE_IDENTIFIER = "com.honyaku.integration-tests";
				SDKROOT = macosx;
				SWIFT_VERSION = 5.9;
				TEST_HOST = "$(BUILT_PRODUCTS_DIR)/Honyaku.app/Contents/MacOS/Honyaku";
			};
			name = Debug;
		};
		C0EE7C7C786CDA3BB07DD67F /* Release */ = {
			isa = XCBuildConfiguration;
			buildSettings = {
				BUNDLE_LOADER = "$(TEST_HOST)";
				COMBINE_HIDPI_IMAGES = YES;
				INFOPLIST_FILE = HonyakuIntegrationTests/Info.plist;
				LD_RUNPATH_SEARCH_PATHS = (
					"$(inherited)",
					"@executable_path/../Frameworks",
					"@loader_path/../Frameworks",
				);
				MACOSX_DEPLOYMENT_TARGET = 14.0;
				PRODUCT_BUNDLE_IDENTIFIER = "com.honyaku.integration-tests";
				SDKROOT = macosx;
				SWIFT_VERSION = 5.9;
				TEST_HOST = "$(BUILT_PRODUCTS_DIR)/Honyaku.app/Contents/MacOS/Honyaku";
			};
			name = Release;
		};
		C756551509FFE31FAE6C565A /* Debug */ = {
			isa = XCBuildConfiguration;
			buildSettings = {
				ALWAYS_SEARCH_USER_PATHS = NO;
				CLANG_ANALYZER_NONNULL = YES;
				CLANG_ANALYZER_NUMBER_OBJECT_CONVERSION = YES_AGGRESSIVE;
				CLANG_CXX_LANGUAGE_STANDARD = "gnu++14";
				CLANG_CXX_LIBRARY = "libc++";
				CLANG_ENABLE_MODULES = YES;
				CLANG_ENABLE_OBJC_ARC = YES;
				CLANG_ENABLE_OBJC_WEAK = YES;
				CLANG_WARN_BLOCK_CAPTURE_AUTORELEASING = YES;
				CLANG_WARN_BOOL_CONVERSION = YES;
				CLANG_WARN_COMMA = YES;
				CLANG_WARN_CONSTANT_CONVERSION = YES;
				CLANG_WARN_DEPRECATED_OBJC_IMPLEMENTATIONS = YES;
				CLANG_WARN_DIRECT_OBJC_ISA_USAGE = YES_ERROR;
				CLANG_WARN_DOCUMENTATION_COMMENTS = YES;
				CLANG_WARN_EMPTY_BODY = YES;
				CLANG_WARN_ENUM_CONVERSION = YES;
				CLANG_WARN_INFINITE_RECURSION = YES;
				CLANG_WARN_INT_CONVERSION = YES;
				CLANG_WARN_NON_LITERAL_NULL_CONVERSION = YES;
				CLANG_WARN_OBJC_IMPLICIT_RETAIN_SELF = YES;
				CLANG_WARN_OBJC_LITERAL_CONVERSION = YES;
				CLANG_WARN_OBJC_ROOT_CLASS = YES_ERROR;
				CLANG_WARN_QUOTED_INCLUDE_IN_FRAMEWORK_HEADER = YES;
				CLANG_WARN_RANGE_LOOP_ANALYSIS = YES;
				CLANG_WARN_STRICT_PROTOTYPES = YES;
				CLANG_WARN_SUSPICIOUS_MOVE = YES;
				CLANG_WARN_UNGUARDED_AVAILABILITY = YES_AGGRESSIVE;
				CLANG_WARN_UNREACHABLE_CODE = YES;
				CLANG_WARN__DUPLICATE_METHOD_MATCH = YES;
				COPY_PHASE_STRIP = NO;
				DEBUG_INFORMATION_FORMAT = dwarf;
				ENABLE_STRICT_OBJC_MSGSEND = YES;
				ENABLE_TESTABILITY = YES;
				GCC_C_LANGUAGE_STANDARD = gnu11;
				GCC_DYNAMIC_NO_PIC = NO;
				GCC_NO_COMMON_BLOCKS = YES;
				GCC_OPTIMIZATION_LEVEL = 0;
				GCC_PREPROCESSOR_DEFINITIONS = (
					"$(inherited)",
					"DEBUG=1",
				);
				GCC_WARN_64_TO_32_BIT_CONVERSION = YES;
				GCC_WARN_ABOUT_RETURN_TYPE = YES_ERROR;
				GCC_WARN_UNDECLARED_SELECTOR = YES;
				GCC_WARN_UNINITIALIZED_AUTOS = YES_AGGRESSIVE;
				GCC_WARN_UNUSED_FUNCTION = YES;
				GCC_WARN_UNUSED_VARIABLE = YES;
				MACOSX_DEPLOYMENT_TARGET = 14.0;
				MTL_ENABLE_DEBUG_INFO = INCLUDE_SOURCE;
				MTL_FAST_MATH = YES;
				ONLY_ACTIVE_ARCH = YES;
				PRODUCT_NAME = "$(TARGET_NAME)";
				SDKROOT = macosx;
				SWIFT_ACTIVE_COMPILATION_CONDITIONS = DEBUG;
				SWIFT_OPTIMIZATION_LEVEL = "-Onone";
				SWIFT_VERSION = 5.0;
			};
			name = Debug;
		};
/* End XCBuildConfiguration section */

/* Begin XCConfigurationList section */
		1A632CD3BAB77F79CCD48C0E /* Build configuration list for PBXProject "Honyaku" */ = {
			isa = XCConfigurationList;
			buildConfigurations = (
				C756551509FFE31FAE6C565A /* Debug */,
				9A3EA029B5B870C386C74B3B /* Release */,
			);
			defaultConfigurationIsVisible = 0;
			defaultConfigurationName = Debug;
		};
		4F4415FD359013CE5371AFC4 /* Build configuration list for PBXNativeTarget "Honyaku" */ = {
			isa = XCConfigurationList;
			buildConfigurations = (
				A9AE5F0BB2C3E5DE8C357CA9 /* Debug */,
				AE2F2A2A9575A735FF10821A /* Release */,
			);
			defaultConfigurationIsVisible = 0;
			defaultConfigurationName = Debug;
		};
		67DAC10E6FC2FFF3A892C2B0 /* Build configuration list for PBXNativeTarget "HonyakuTests" */ = {
			isa = XCConfigurationList;
			buildConfigurations = (
				63852CB1EC6DC6F823D42717 /* Debug */,
				797AD06F1E1EE9255AC5A15E /* Release */,
			);
			defaultConfigurationIsVisible = 0;
			defaultConfigurationName = Debug;
		};
		C968A019C09F9E5200321DA8 /* Build configuration list for PBXNativeTarget "HonyakuUITests" */ = {
			isa = XCConfigurationList;
			buildConfigurations = (
				6B48C4D3298FA17203B81963 /* Debug */,
				72AB69458A6BAC3D2AB97B5D /* Release */,
			);
			defaultConfigurationIsVisible = 0;
			defaultConfigurationName = Debug;
		};
		D7411F20E34BE3B9C0370F7C /* Build configuration list for PBXNativeTarget "HonyakuIntegrationTests" */ = {
			isa = XCConfigurationList;
			buildConfigurations = (
				B152454083C1C6BD8AE67454 /* Debug */,
				C0EE7C7C786CDA3BB07DD67F /* Release */,
			);
			defaultConfigurationIsVisible = 0;
			defaultConfigurationName = Debug;
		};
/* End XCConfigurationList section */

/* Begin XCRemoteSwiftPackageReference section */
		813E4B34ECDAAFB18EC60944 /* XCRemoteSwiftPackageReference "FluidAudio" */ = {
			isa = XCRemoteSwiftPackageReference;
			repositoryURL = "https://github.com/FluidInference/FluidAudio";
			requirement = {
				kind = upToNextMajorVersion;
				minimumVersion = 0.17.4;
			};
		};
		B4C1AD4FAD88DB13773DA328 /* XCRemoteSwiftPackageReference "WhisperKit" */ = {
			isa = XCRemoteSwiftPackageReference;
			repositoryURL = "https://github.com/argmaxinc/WhisperKit";
			requirement = {
				kind = upToNextMajorVersion;
				minimumVersion = 0.9.0;
			};
		};
		E3506DCF39C06C1A88864C93 /* XCRemoteSwiftPackageReference "mlx-swift" */ = {
			isa = XCRemoteSwiftPackageReference;
			repositoryURL = "https://github.com/ml-explore/mlx-swift";
			requirement = {
				kind = upToNextMinorVersion;
				minimumVersion = 0.30.6;
			};
		};
		FF2AEBA83D4E9AF74C3D6286 /* XCRemoteSwiftPackageReference "mlx-swift-lm" */ = {
			isa = XCRemoteSwiftPackageReference;
			repositoryURL = "https://github.com/ml-explore/mlx-swift-lm";
			requirement = {
				kind = upToNextMajorVersion;
				minimumVersion = 2.30.0;
			};
		};
/* End XCRemoteSwiftPackageReference section */

/* Begin XCSwiftPackageProductDependency section */
		1DC3354B9B3F2DFE29B3C1F0 /* WhisperKit */ = {
			isa = XCSwiftPackageProductDependency;
			package = B4C1AD4FAD88DB13773DA328 /* XCRemoteSwiftPackageReference "WhisperKit" */;
			productName = WhisperKit;
		};
		2D6D9362E6F2CCB39F6A3738 /* MLXLLM */ = {
			isa = XCSwiftPackageProductDependency;
			package = FF2AEBA83D4E9AF74C3D6286 /* XCRemoteSwiftPackageReference "mlx-swift-lm" */;
			productName = MLXLLM;
		};
		69015C35BE8A491B32780EDF /* FluidAudio */ = {
			isa = XCSwiftPackageProductDependency;
			package = 813E4B34ECDAAFB18EC60944 /* XCRemoteSwiftPackageReference "FluidAudio" */;
			productName = FluidAudio;
		};
		6ABAFD44C29F179B8B2E55E8 /* WhisperKit */ = {
			isa = XCSwiftPackageProductDependency;
			package = B4C1AD4FAD88DB13773DA328 /* XCRemoteSwiftPackageReference "WhisperKit" */;
			productName = WhisperKit;
		};
		95B121AA1368FBA8A8FE8CB3 /* FluidAudio */ = {
			isa = XCSwiftPackageProductDependency;
			package = 813E4B34ECDAAFB18EC60944 /* XCRemoteSwiftPackageReference "FluidAudio" */;
			productName = FluidAudio;
		};
		B5B0F02D7A95346CBF78C620 /* MLX */ = {
			isa = XCSwiftPackageProductDependency;
			package = E3506DCF39C06C1A88864C93 /* XCRemoteSwiftPackageReference "mlx-swift" */;
			productName = MLX;
		};
		BA58CD77C6ACD9A9913F0561 /* MLXLMCommon */ = {
			isa = XCSwiftPackageProductDependency;
			package = FF2AEBA83D4E9AF74C3D6286 /* XCRemoteSwiftPackageReference "mlx-swift-lm" */;
			productName = MLXLMCommon;
		};
		F21FC78D7D330656D929FB71 /* SpeakerKit */ = {
			isa = XCSwiftPackageProductDependency;
			package = B4C1AD4FAD88DB13773DA328 /* XCRemoteSwiftPackageReference "WhisperKit" */;
			productName = SpeakerKit;
		};
/* End XCSwiftPackageProductDependency section */
	};
	rootObject = 7140994496E663A6A6CFC903 /* Project object */;
}
